// !$*UTF8*$!
{
	archiveVersion = 1;
	classes = {
	};
	objectVersion = 55;
	objects = {

/* Begin PBXBuildFile section */
		117B38452737F10C0058497C /* tic_tac_toe_multiplayerApp.swift in Sources */ = {isa = PBXBuildFile; fileRef = 117B38442737F10C0058497C /* tic_tac_toe_multiplayerApp.swift */; };
		117B38472737F10C0058497C /* HomeView.swift in Sources */ = {isa = PBXBuildFile; fileRef = 117B38462737F10C0058497C /* HomeView.swift */; };
		117B38492737F10E0058497C /* Assets.xcassets in Resources */ = {isa = PBXBuildFile; fileRef = 117B38482737F10E0058497C /* Assets.xcassets */; };
		117B384C2737F10E0058497C /* Preview Assets.xcassets in Resources */ = {isa = PBXBuildFile; fileRef = 117B384B2737F10E0058497C /* Preview Assets.xcassets */; };
		117B38532737F30D0058497C /* GameView.swift in Sources */ = {isa = PBXBuildFile; fileRef = 117B38522737F30D0058497C /* GameView.swift */; };
		117B38572737F3FF0058497C /* GameButtonView.swift in Sources */ = {isa = PBXBuildFile; fileRef = 117B38562737F3FF0058497C /* GameButtonView.swift */; };
		117B38592737F4BE0058497C /* HomeViewModel.swift in Sources */ = {isa = PBXBuildFile; fileRef = 117B38582737F4BE0058497C /* HomeViewModel.swift */; };
		117B385F2737FB6A0058497C /* GameSquareView.swift in Sources */ = {isa = PBXBuildFile; fileRef = 117B385E2737FB6A0058497C /* GameSquareView.swift */; };
		117B38612737FBD80058497C /* PlayerIndicatorView.swift in Sources */ = {isa = PBXBuildFile; fileRef = 117B38602737FBD80058497C /* PlayerIndicatorView.swift */; };
		117B38632737FDC90058497C /* LoadingView.swift in Sources */ = {isa = PBXBuildFile; fileRef = 117B38622737FDC90058497C /* LoadingView.swift */; };
		117B38652737FF070058497C /* GameViewModel.swift in Sources */ = {isa = PBXBuildFile; fileRef = 117B38642737FF070058497C /* GameViewModel.swift */; };
/* End PBXBuildFile section */

/* Begin PBXFileReference section */
		117B38412737F10C0058497C /* tic-tac-toe-multiplayer.app */ = {isa = PBXFileReference; explicitFileType = wrapper.application; includeInIndex = 0; path = "tic-tac-toe-multiplayer.app"; sourceTree = BUILT_PRODUCTS_DIR; };
		117B38442737F10C0058497C /* tic_tac_toe_multiplayerApp.swift */ = {isa = PBXFileReference; lastKnownFileType = sourcecode.swift; path = tic_tac_toe_multiplayerApp.swift; sourceTree = "<group>"; };
		117B38462737F10C0058497C /* HomeView.swift */ = {isa = PBXFileReference; lastKnownFileType = sourcecode.swift; path = HomeView.swift; sourceTree = "<group>"; };
		117B38482737F10E0058497C /* Assets.xcassets */ = {isa = PBXFileReference; lastKnownFileType = folder.assetcatalog; path = Assets.xcassets; sourceTree = "<group>"; };
		117B384B2737F10E0058497C /* Preview Assets.xcassets */ = {isa = PBXFileReference; lastKnownFileType = folder.assetcatalog; path = "Preview Assets.xcassets"; sourceTree = "<group>"; };
		117B38522737F30D0058497C /* GameView.swift */ = {isa = PBXFileReference; lastKnownFileType = sourcecode.swift; path = GameView.swift; sourceTree = "<group>"; };
		117B38562737F3FF0058497C /* GameButtonView.swift */ = {isa = PBXFileReference; lastKnownFileType = sourcecode.swift; path = GameButtonView.swift; sourceTree = "<group>"; };
		117B38582737F4BE0058497C /* HomeViewModel.swift */ = {isa = PBXFileReference; lastKnownFileType = sourcecode.swift; path = HomeViewModel.swift; sourceTree = "<group>"; };
		117B385E2737FB6A0058497C /* GameSquareView.swift */ = {isa = PBXFileReference; lastKnownFileType = sourcecode.swift; path = GameSquareView.swift; sourceTree = "<group>"; };
		117B38602737FBD80058497C /* PlayerIndicatorView.swift */ = {isa = PBXFileReference; lastKnownFileType = sourcecode.swift; path = PlayerIndicatorView.swift; sourceTree = "<group>"; };
		117B38622737FDC90058497C /* LoadingView.swift */ = {isa = PBXFileReference; lastKnownFileType = sourcecode.swift; path = LoadingView.swift; sourceTree = "<group>"; };
		117B38642737FF070058497C /* GameViewModel.swift */ = {isa = PBXFileReference; lastKnownFileType = sourcecode.swift; path = GameViewModel.swift; sourceTree = "<group>"; };
/* End PBXFileReference section */

/* Begin PBXFrameworksBuildPhase section */
		117B383E2737F10C0058497C /* Frameworks */ = {
			isa = PBXFrameworksBuildPhase;
			buildActionMask = 2147483647;
			files = (
			);
			runOnlyForDeploymentPostprocessing = 0;
		};
/* End PBXFrameworksBuildPhase section */

/* Begin PBXGroup section */
		117B38382737F10C0058497C = {
			isa = PBXGroup;
			children = (
				117B38432737F10C0058497C /* tic-tac-toe-multiplayer */,
				117B38422737F10C0058497C /* Products */,
			);
			sourceTree = "<group>";
		};
		117B38422737F10C0058497C /* Products */ = {
			isa = PBXGroup;
			children = (
				117B38412737F10C0058497C /* tic-tac-toe-multiplayer.app */,
			);
			name = Products;
			sourceTree = "<group>";
		};
		117B38432737F10C0058497C /* tic-tac-toe-multiplayer */ = {
			isa = PBXGroup;
			children = (
				117B38442737F10C0058497C /* tic_tac_toe_multiplayerApp.swift */,
				117B385B2737F5830058497C /* HomeView */,
				117B385C2737F58D0058497C /* GameView */,
				117B385D2737F59A0058497C /* SubViews */,
				117B38482737F10E0058497C /* Assets.xcassets */,
				117B384A2737F10E0058497C /* Preview Content */,
			);
			path = "tic-tac-toe-multiplayer";
			sourceTree = "<group>";
		};
		117B384A2737F10E0058497C /* Preview Content */ = {
			isa = PBXGroup;
			children = (
				117B384B2737F10E0058497C /* Preview Assets.xcassets */,
			);
			path = "Preview Content";
			sourceTree = "<group>";
		};
		117B385B2737F5830058497C /* HomeView */ = {
			isa = PBXGroup;
			children = (
				117B38462737F10C0058497C /* HomeView.swift */,
				117B38582737F4BE0058497C /* HomeViewModel.swift */,
			);
			path = HomeView;
			sourceTree = "<group>";
		};
		117B385C2737F58D0058497C /* GameView */ = {
			isa = PBXGroup;
			children = (
				117B38522737F30D0058497C /* GameView.swift */,
				117B38642737FF070058497C /* GameViewModel.swift */,
			);
			path = GameView;
			sourceTree = "<group>";
		};
		117B385D2737F59A0058497C /* SubViews */ = {
			isa = PBXGroup;
			children = (
				117B38562737F3FF0058497C /* GameButtonView.swift */,
				117B385E2737FB6A0058497C /* GameSquareView.swift */,
				117B38602737FBD80058497C /* PlayerIndicatorView.swift */,
				117B38622737FDC90058497C /* LoadingView.swift */,
			);
			path = SubViews;
			sourceTree = "<group>";
		};
/* End PBXGroup section */

/* Begin PBXNativeTarget section */
		117B38402737F10C0058497C /* tic-tac-toe-multiplayer */ = {
			isa = PBXNativeTarget;
			buildConfigurationList = 117B384F2737F10E0058497C /* Build configuration list for PBXNativeTarget "tic-tac-toe-multiplayer" */;
			buildPhases = (
				117B383D2737F10C0058497C /* Sources */,
				117B383E2737F10C0058497C /* Frameworks */,
				117B383F2737F10C0058497C /* Resources */,
			);
			buildRules = (
			);
			dependencies = (
			);
			name = "tic-tac-toe-multiplayer";
			productName = "tic-tac-toe-multiplayer";
			productReference = 117B38412737F10C0058497C /* tic-tac-toe-multiplayer.app */;
			productType = "com.apple.product-type.application";
		};
/* End PBXNativeTarget section */

/* Begin PBXProject section */
		117B38392737F10C0058497C /* Project object */ = {
			isa = PBXProject;
			attributes = {
				BuildIndependentTargetsInParallel = 1;
				LastSwiftUpdateCheck = 1310;
				LastUpgradeCheck = 1310;
				TargetAttributes = {
					117B38402737F10C0058497C = {
						CreatedOnToolsVersion = 13.1;
					};
				};
			};
			buildConfigurationList = 117B383C2737F10C0058497C /* Build configuration list for PBXProject "tic-tac-toe-multiplayer" */;
			compatibilityVersion = "Xcode 13.0";
			developmentRegion = en;
			hasScannedForEncodings = 0;
			knownRegions = (
				en,
				Base,
			);
			mainGroup = 117B38382737F10C0058497C;
			productRefGroup = 117B38422737F10C0058497C /* Products */;
			projectDirPath = "";
			projectRoot = "";
			targets = (
				117B38402737F10C0058497C /* tic-tac-toe-multiplayer */,
			);
		};
/* End PBXProject section */

/* Begin PBXResourcesBuildPhase section */
		117B383F2737F10C0058497C /* Resources */ = {
			isa = PBXResourcesBuildPhase;
			buildActionMask = 2147483647;
			files = (
				117B384C2737F10E0058497C /* Preview Assets.xcassets in Resources */,
				117B38492737F10E0058497C /* Assets.xcassets in Resources */,
			);
			runOnlyForDeploymentPostprocessing = 0;
		};
/* End PBXResourcesBuildPhase section */

/* Begin PBXSourcesBuildPhase section */
		117B383D2737F10C0058497C /* Sources */ = {
			isa = PBXSourcesBuildPhase;
			buildActionMask = 2147483647;
			files = (
				117B38652737FF070058497C /* GameViewModel.swift in Sources */,
				117B38472737F10C0058497C /* HomeView.swift in Sources */,
				117B38612737FBD80058497C /* PlayerIndicatorView.swift in Sources */,
				117B38572737F3FF0058497C /* GameButtonView.swift in Sources */,
				117B38532737F30D0058497C /* GameView.swift in Sources */,
				117B385F2737FB6A0058497C /* GameSquareView.swift in Sources */,
				117B38632737FDC90058497C /* LoadingView.swift in Sources */,
				117B38592737F4BE0058497C /* HomeViewModel.swift in Sources */,
				117B38452737F10C0058497C /* tic_tac_toe_multiplayerApp.swift in Sources */,
			);
			runOnlyForDeploymentPostprocessing = 0;
		};
/* End PBXSourcesBuildPhase section */

/* Begin XCBuildConfiguration section */
		117B384D2737F10E0058497C /* Debug */ = {
			isa = XCBuildConfiguration;
			buildSettings = {
				ALWAYS_SEARCH_USER_PATHS = NO;
				CLANG_ANALYZER_NONNULL = YES;
				CLANG_ANALYZER_NUMBER_OBJECT_CONVERSION = YES_AGGRESSIVE;
				CLANG_CXX_LANGUAGE_STANDARD = "gnu++17";
				CLANG_CXX_LIBRARY = "libc++";
				CLANG_ENABLE_MODULES = YES;
				CLANG_ENABLE_OBJC_ARC = YES;
				CLANG_ENABLE_OBJC_WEAK = YES;
				CLANG_WARN_BLOCK_CAPTURE_AUTORELEASING = YES;
				CLANG_WARN_BOOL_CONVERSION = YES;
				CLANG_WARN_COMMA = YES;
				CLANG_WARN_CONSTANT_CONVERSION = YES;
				CLANG_WARN_DEPRECATED_OBJC_IMPLEMENTATIONS = YES;
				CLANG_WARN_DIRECT_OBJC_ISA_USAGE = YES_ERROR;
				CLANG_WARN_DOCUMENTATION_COMMENTS = YES;
				CLANG_WARN_EMPTY_BODY = YES;
				CLANG_WARN_ENUM_CONVERSION = YES;
				CLANG_WARN_INFINITE_RECURSION = YES;
				CLANG_WARN_INT_CONVERSION = YES;
				CLANG_WARN_NON_LITERAL_NULL_CONVERSION = YES;
				CLANG_WARN_OBJC_IMPLICIT_RETAIN_SELF = YES;
				CLANG_WARN_OBJC_LITERAL_CONVERSION = YES;
				CLANG_WARN_OBJC_ROOT_CLASS = YES_ERROR;
				CLANG_WARN_QUOTED_INCLUDE_IN_FRAMEWORK_HEADER = YES;
				CLANG_WARN_RANGE_LOOP_ANALYSIS = YES;
				CLANG_WARN_STRICT_PROTOTYPES = YES;
				CLANG_WARN_SUSPICIOUS_MOVE = YES;
				CLANG_WARN_UNGUARDED_AVAILABILITY = YES_AGGRESSIVE;
				CLANG_WARN_UNREACHABLE_CODE = YES;
				CLANG_WARN__DUPLICATE_METHOD_MATCH = YES;
				COPY_PHASE_STRIP = NO;
				DEBUG_INFORMATION_FORMAT = dwarf;
				ENABLE_STRICT_OBJC_MSGSEND = YES;
				ENABLE_TESTABILITY = YES;
				GCC_C_LANGUAGE_STANDARD = gnu11;
				GCC_DYNAMIC_NO_PIC = NO;
				GCC_NO_COMMON_BLOCKS = YES;
				GCC_OPTIMIZATION_LEVEL = 0;
				GCC_PREPROCESSOR_DEFINITIONS = (
					"DEBUG=1",
					"$(inherited)",
				);
				GCC_WARN_64_TO_32_BIT_CONVERSION = YES;
				GCC_WARN_ABOUT_RETURN_TYPE = YES_ERROR;
				GCC_WARN_UNDECLARED_SELECTOR = YES;
				GCC_WARN_UNINITIALIZED_AUTOS = YES_AGGRESSIVE;
				GCC_WARN_UNUSED_FUNCTION = YES;
				GCC_WARN_UNUSED_VARIABLE = YES;
				IPHONEOS_DEPLOYMENT_TARGET = 15.0;
				MTL_ENABLE_DEBUG_INFO = INCLUDE_SOURCE;
				MTL_FAST_MATH = YES;
				ONLY_ACTIVE_ARCH = YES;
				SDKROOT = iphoneos;
				SWIFT_ACTIVE_COMPILATION_CONDITIONS = DEBUG;
				SWIFT_OPTIMIZATION_LEVEL = "-Onone";
			};
			name = Debug;
		};
		117B384E2737F10E0058497C /* Release */ = {
			isa = XCBuildConfiguration;
			buildSettings = {
				ALWAYS_SEARCH_USER_PATHS = NO;
				CLANG_ANALYZER_NONNULL = YES;
				CLANG_ANALYZER_NUMBER_OBJECT_CONVERSION = YES_AGGRESSIVE;
				CLANG_CXX_LANGUAGE_STANDARD = "gnu++17";
				CLANG_CXX_LIBRARY = "libc++";
				CLANG_ENABLE_MODULES = YES;
				CLANG_ENABLE_OBJC_ARC = YES;
				CLANG_ENABLE_OBJC_WEAK = YES;
				CLANG_WARN_BLOCK_CAPTURE_AUTORELEASING = YES;
				CLANG_WARN_BOOL_CONVERSION = YES;
				CLANG_WARN_COMMA = YES;
				CLANG_WARN_CONSTANT_CONVERSION = YES;
				CLANG_WARN_DEPRECATED_OBJC_IMPLEMENTATIONS = YES;
				CLANG_WARN_DIRECT_OBJC_ISA_USAGE = YES_ERROR;
				CLANG_WARN_DOCUMENTATION_COMMENTS = YES;
				CLANG_WARN_EMPTY_BODY = YES;
				CLANG_WARN_ENUM_CONVERSION = YES;
				CLANG_WARN_INFINITE_RECURSION = YES;
				CLANG_WARN_INT_CONVERSION = YES;
				CLANG_WARN_NON_LITERAL_NULL_CONVERSION = YES;
				CLANG_WARN_OBJC_IMPLICIT_RETAIN_SELF = YES;
				CLANG_WARN_OBJC_LITERAL_CONVERSION = YES;
				CLANG_WARN_OBJC_ROOT_CLASS = YES_ERROR;
				CLANG_WARN_QUOTED_INCLUDE_IN_FRAMEWORK_HEADER = YES;
				CLANG_WARN_RANGE_LOOP_ANALYSIS = YES;
				CLANG_WARN_STRICT_PROTOTYPES = YES;
				CLANG_WARN_SUSPICIOUS_MOVE = YES;
				CLANG_WARN_UNGUARDED_AVAILABILITY = YES_AGGRESSIVE;
				CLANG_WARN_UNREACHABLE_CODE = YES;
				CLANG_WARN__DUPLICATE_METHOD_MATCH = YES;
				COPY_PHASE_STRIP = NO;
				DEBUG_INFORMATION_FORMAT = "dwarf-with-dsym";
				ENABLE_NS_ASSERTIONS = NO;
				ENABLE_STRICT_OBJC_MSGSEND = YES;
				GCC_C_LANGUAGE_STANDARD = gnu11;
				GCC_NO_COMMON_BLOCKS = YES;
				GCC_WARN_64_TO_32_BIT_CONVERSION = YES;
				GCC_WARN_ABOUT_RETURN_TYPE = YES_ERROR;
				GCC_WARN_UNDECLARED_SELECTOR = YES;
				GCC_WARN_UNINITIALIZED_AUTOS = YES_AGGRESSIVE;
				GCC_WARN_UNUSED_FUNCTION = YES;
				GCC_WARN_UNUSED_VARIABLE = YES;
				IPHONEOS_DEPLOYMENT_TARGET = 15.0;
				MTL_ENABLE_DEBUG_INFO = NO;
				MTL_FAST_MATH = YES;
				SDKROOT = iphoneos;
				SWIFT_COMPILATION_MODE = wholemodule;
				SWIFT_OPTIMIZATION_LEVEL = "-O";
				VALIDATE_PRODUCT = YES;
			};
			name = Release;
		};
		117B38502737F10E0058497C /* Debug */ = {
			isa = XCBuildConfiguration;
			buildSettings = {
				ASSETCATALOG_COMPILER_APPICON_NAME = AppIcon;
				ASSETCATALOG_COMPILER_GLOBAL_ACCENT_COLOR_NAME = AccentColor;
				CODE_SIGN_STYLE = Automatic;
				CURRENT_PROJECT_VERSION = 1;
				DEVELOPMENT_ASSET_PATHS = "\"tic-tac-toe-multiplayer/Preview Content\"";
				DEVELOPMENT_TEAM = C6DQVPTV2K;
				ENABLE_PREVIEWS = YES;
				GENERATE_INFOPLIST_FILE = YES;
				INFOPLIST_KEY_UIApplicationSceneManifest_Generation = YES;
				INFOPLIST_KEY_UIApplicationSupportsIndirectInputEvents = YES;
				INFOPLIST_KEY_UILaunchScreen_Generation = YES;
				INFOPLIST_KEY_UISupportedInterfaceOrientations_iPad = "UIInterfaceOrientationPortrait UIInterfaceOrientationPortraitUpsideDown UIInterfaceOrientationLandscapeLeft UIInterfaceOrientationLandscapeRight";
				INFOPLIST_KEY_UISupportedInterfaceOrientations_iPhone = "UIInterfaceOrientationPortrait UIInterfaceOrientationLandscapeLeft UIInterfaceOrientationLandscapeRight";
				LD_RUNPATH_SEARCH_PATHS = (
					"$(inherited)",
					"@executable_path/Frameworks",
				);
				MARKETING_VERSION = 1.0;
				PRODUCT_BUNDLE_IDENTIFIER = "uk.co.rickbrown.tic-tac-toe-multiplayer";
				PRODUCT_NAME = "$(TARGET_NAME)";
				SWIFT_EMIT_LOC_STRINGS = YES;
				SWIFT_VERSION = 5.0;
				TARGETED_DEVICE_FAMILY = "1,2";
			};
			name = Debug;
		};
		117B38512737F10E0058497C /* Release */ = {
			isa = XCBuildConfiguration;
			buildSettings = {
				ASSETCATALOG_COMPILER_APPICON_NAME = AppIcon;
				ASSETCATALOG_COMPILER_GLOBAL_ACCENT_COLOR_NAME = AccentColor;
				CODE_SIGN_STYLE = Automatic;
				CURRENT_PROJECT_VERSION = 1;
				DEVELOPMENT_ASSET_PATHS = "\"tic-tac-toe-multiplayer/Preview Content\"";
				DEVELOPMENT_TEAM = C6DQVPTV2K;
				ENABLE_PREVIEWS = YES;
				GENERATE_INFOPLIST_FILE = YES;
				INFOPLIST_KEY_UIApplicationSceneManifest_Generation = YES;
				INFOPLIST_KEY_UIApplicationSupportsIndirectInputEvents = YES;
				INFOPLIST_KEY_UILaunchScreen_Generation = YES;
				INFOPLIST_KEY_UISupportedInterfaceOrientations_iPad = "UIInterfaceOrientationPortrait UIInterfaceOrientationPortraitUpsideDown UIInterfaceOrientationLandscapeLeft UIInterfaceOrientationLandscapeRight";
				INFOPLIST_KEY_UISupportedInterfaceOrientations_iPhone = "UIInterfaceOrientationPortrait UIInterfaceOrientationLandscapeLeft UIInterfaceOrientationLandscapeRight";
				LD_RUNPATH_SEARCH_PATHS = (
					"$(inherited)",
					"@executable_path/Frameworks",
				);
				MARKETING_VERSION = 1.0;
				PRODUCT_BUNDLE_IDENTIFIER = "uk.co.rickbrown.tic-tac-toe-multiplayer";
				PRODUCT_NAME = "$(TARGET_NAME)";
				SWIFT_EMIT_LOC_STRINGS = YES;
				SWIFT_VERSION = 5.0;
				TARGETED_DEVICE_FAMILY = "1,2";
			};
			name = Release;
		};
/* End XCBuildConfiguration section */

/* Begin XCConfigurationList section */
		117B383C2737F10C0058497C /* Build configuration list for PBXProject "tic-tac-toe-multiplayer" */ = {
			isa = XCConfigurationList;
			buildConfigurations = (
				117B384D2737F10E0058497C /* Debug */,
				117B384E2737F10E0058497C /* Release */,
			);
			defaultConfigurationIsVisible = 0;
			defaultConfigurationName = Release;
		};
		117B384F2737F10E0058497C /* Build configuration list for PBXNativeTarget "tic-tac-toe-multiplayer" */ = {
			isa = XCConfigurationList;
			buildConfigurations = (
				117B38502737F10E0058497C /* Debug */,
				117B38512737F10E0058497C /* Release */,
			);
			defaultConfigurationIsVisible = 0;
			defaultConfigurationName = Release;
		};
/* End XCConfigurationList section */
	};
	rootObject = 117B38392737F10C0058497C /* Project object */;
}
